
Microsoft Visual Studio Solution File, Format Version 12.00
# Visual Studio Version 17
VisualStudioVersion = 17.10.35122.118
MinimumVisualStudioVersion = 10.0.40219.1
Project("{FAE04EC0-301F-11D3-BF4B-00C04F79EFBC}") = "ClientFTP", "ClientFTP.csproj", "{6BADC069-F3A5-4DC7-892D-828EE80BBCD9}"
EndProject
Global
	GlobalSection(SolutionConfigurationPlatforms) = preSolution
		Debug|Any CPU = Debug|Any CPU
		Release|Any CPU = Release|Any CPU
	EndGlobalSection
	GlobalSection(ProjectConfigurationPlatforms) = postSolution
		{6BADC069-F3A5-4DC7-892D-828EE80BBCD9}.Debug|Any CPU.ActiveCfg = Debug|Any CPU
		{6BADC069-F3A5-4DC7-892D-828EE80BBCD9}.Debug|Any CPU.Build.0 = Debug|Any CPU
		{6BADC069-F3A5-4DC7-892D-828EE80BBCD9}.Release|Any CPU.ActiveCfg = Release|Any CPU
		{6BADC069-F3A5-4DC7-892D-828EE80BBCD9}.Release|Any CPU.Build.0 = Release|Any CPU
	EndGlobalSection
	GlobalSection(SolutionProperties) = preSolution
		HideSolutionNode = FALSE
	EndGlobalSection
	GlobalSection(ExtensibilityGlobals) = postSolution
		SolutionGuid = {B238F6E0-0811-4069-8C02-E65E788F71B7}
	EndGlobalSection
EndGlobal
