
Microsoft Visual Studio Solution File, Format Version 12.00
# Visual Studio Version 17
VisualStudioVersion = 17.10.35122.118
MinimumVisualStudioVersion = 10.0.40219.1
Project("{FAE04EC0-301F-11D3-BF4B-00C04F79EFBC}") = "laba1", "laba1.csproj", "{2489CC0C-D270-4B07-AC3F-B752D7990D14}"
EndProject
Global
	GlobalSection(SolutionConfigurationPlatforms) = preSolution
		Debug|Any CPU = Debug|Any CPU
		Release|Any CPU = Release|Any CPU
	EndGlobalSection
	GlobalSection(ProjectConfigurationPlatforms) = postSolution
		{2489CC0C-D270-4B07-AC3F-B752D7990D14}.Debug|Any CPU.ActiveCfg = Debug|Any CPU
		{2489CC0C-D270-4B07-AC3F-B752D7990D14}.Debug|Any CPU.Build.0 = Debug|Any CPU
		{2489CC0C-D270-4B07-AC3F-B752D7990D14}.Release|Any CPU.ActiveCfg = Release|Any CPU
		{2489CC0C-D270-4B07-AC3F-B752D7990D14}.Release|Any CPU.Build.0 = Release|Any CPU
	EndGlobalSection
	GlobalSection(SolutionProperties) = preSolution
		HideSolutionNode = FALSE
	EndGlobalSection
	GlobalSection(ExtensibilityGlobals) = postSolution
		SolutionGuid = {B3E9852F-333E-4BDC-A5AC-41BD92BDB53D}
	EndGlobalSection
EndGlobal
