
Microsoft Visual Studio Solution File, Format Version 12.00
# Visual Studio Version 17
VisualStudioVersion = 17.10.35122.118
MinimumVisualStudioVersion = 10.0.40219.1
Project("{FAE04EC0-301F-11D3-BF4B-00C04F79EFBC}") = "laba1", "laba1.csproj", "{A2C193DB-57CB-4CEB-AE29-FDBA29136608}"
EndProject
Global
	GlobalSection(SolutionConfigurationPlatforms) = preSolution
		Debug|Any CPU = Debug|Any CPU
		Release|Any CPU = Release|Any CPU
	EndGlobalSection
	GlobalSection(ProjectConfigurationPlatforms) = postSolution
		{A2C193DB-57CB-4CEB-AE29-FDBA29136608}.Debug|Any CPU.ActiveCfg = Debug|Any CPU
		{A2C193DB-57CB-4CEB-AE29-FDBA29136608}.Debug|Any CPU.Build.0 = Debug|Any CPU
		{A2C193DB-57CB-4CEB-AE29-FDBA29136608}.Release|Any CPU.ActiveCfg = Release|Any CPU
		{A2C193DB-57CB-4CEB-AE29-FDBA29136608}.Release|Any CPU.Build.0 = Release|Any CPU
	EndGlobalSection
	GlobalSection(SolutionProperties) = preSolution
		HideSolutionNode = FALSE
	EndGlobalSection
	GlobalSection(ExtensibilityGlobals) = postSolution
		SolutionGuid = {2D093A50-8AD8-4D13-B730-06A64DF64FFE}
	EndGlobalSection
EndGlobal
