
Microsoft Visual Studio Solution File, Format Version 12.00
# Visual Studio Version 17
VisualStudioVersion = 17.10.35122.118
MinimumVisualStudioVersion = 10.0.40219.1
Project("{FAE04EC0-301F-11D3-BF4B-00C04F79EFBC}") = "ShapeEditor", "ShapeEditor.csproj", "{AA4ED96C-1E5E-4477-A825-84A282023736}"
EndProject
Project("{FAE04EC0-301F-11D3-BF4B-00C04F79EFBC}") = "PluginTrapezoid", "..\PluginTrapezoid\PluginTrapezoid.csproj", "{CCF57E17-B046-46E4-BD9A-BA9F95E50E06}"
EndProject
Project("{FAE04EC0-301F-11D3-BF4B-00C04F79EFBC}") = "PluginHexagon", "..\PluginHexagon\PluginHexagon.csproj", "{F7F3FEAE-AB5F-48D4-BB50-097D43F9D1CD}"
EndProject
Global
	GlobalSection(SolutionConfigurationPlatforms) = preSolution
		Debug|Any CPU = Debug|Any CPU
		Release|Any CPU = Release|Any CPU
	EndGlobalSection
	GlobalSection(ProjectConfigurationPlatforms) = postSolution
		{AA4ED96C-1E5E-4477-A825-84A282023736}.Debug|Any CPU.ActiveCfg = Debug|Any CPU
		{AA4ED96C-1E5E-4477-A825-84A282023736}.Debug|Any CPU.Build.0 = Debug|Any CPU
		{AA4ED96C-1E5E-4477-A825-84A282023736}.Release|Any CPU.ActiveCfg = Release|Any CPU
		{AA4ED96C-1E5E-4477-A825-84A282023736}.Release|Any CPU.Build.0 = Release|Any CPU
		{CCF57E17-B046-46E4-BD9A-BA9F95E50E06}.Debug|Any CPU.ActiveCfg = Debug|Any CPU
		{CCF57E17-B046-46E4-BD9A-BA9F95E50E06}.Debug|Any CPU.Build.0 = Debug|Any CPU
		{CCF57E17-B046-46E4-BD9A-BA9F95E50E06}.Release|Any CPU.ActiveCfg = Release|Any CPU
		{CCF57E17-B046-46E4-BD9A-BA9F95E50E06}.Release|Any CPU.Build.0 = Release|Any CPU
		{F7F3FEAE-AB5F-48D4-BB50-097D43F9D1CD}.Debug|Any CPU.ActiveCfg = Debug|Any CPU
		{F7F3FEAE-AB5F-48D4-BB50-097D43F9D1CD}.Debug|Any CPU.Build.0 = Debug|Any CPU
		{F7F3FEAE-AB5F-48D4-BB50-097D43F9D1CD}.Release|Any CPU.ActiveCfg = Release|Any CPU
		{F7F3FEAE-AB5F-48D4-BB50-097D43F9D1CD}.Release|Any CPU.Build.0 = Release|Any CPU
	EndGlobalSection
	GlobalSection(SolutionProperties) = preSolution
		HideSolutionNode = FALSE
	EndGlobalSection
	GlobalSection(ExtensibilityGlobals) = postSolution
		SolutionGuid = {EB121708-8241-4CE6-B434-68CEE840CC25}
	EndGlobalSection
EndGlobal
