
Microsoft Visual Studio Solution File, Format Version 12.00
# Visual Studio Version 17
VisualStudioVersion = 17.10.35122.118
MinimumVisualStudioVersion = 10.0.40219.1
Project("{9A19103F-16F7-4668-BE54-9A1E7A4F7556}") = "FileStorageClient", "FileStorageClient.csproj", "{2457239B-37B3-4E9E-93F4-3C49F7761B6D}"
EndProject
Project("{9A19103F-16F7-4668-BE54-9A1E7A4F7556}") = "FileStorageServer", "..\FileStorageServer\FileStorageServer.csproj", "{5EE173D6-D2F3-4EA1-AEA7-D9CC17225350}"
EndProject
Global
	GlobalSection(SolutionConfigurationPlatforms) = preSolution
		Debug|Any CPU = Debug|Any CPU
		Release|Any CPU = Release|Any CPU
	EndGlobalSection
	GlobalSection(ProjectConfigurationPlatforms) = postSolution
		{2457239B-37B3-4E9E-93F4-3C49F7761B6D}.Debug|Any CPU.ActiveCfg = Debug|Any CPU
		{2457239B-37B3-4E9E-93F4-3C49F7761B6D}.Debug|Any CPU.Build.0 = Debug|Any CPU
		{2457239B-37B3-4E9E-93F4-3C49F7761B6D}.Release|Any CPU.ActiveCfg = Release|Any CPU
		{2457239B-37B3-4E9E-93F4-3C49F7761B6D}.Release|Any CPU.Build.0 = Release|Any CPU
		{5EE173D6-D2F3-4EA1-AEA7-D9CC17225350}.Debug|Any CPU.ActiveCfg = Debug|Any CPU
		{5EE173D6-D2F3-4EA1-AEA7-D9CC17225350}.Debug|Any CPU.Build.0 = Debug|Any CPU
		{5EE173D6-D2F3-4EA1-AEA7-D9CC17225350}.Release|Any CPU.ActiveCfg = Release|Any CPU
		{5EE173D6-D2F3-4EA1-AEA7-D9CC17225350}.Release|Any CPU.Build.0 = Release|Any CPU
	EndGlobalSection
	GlobalSection(SolutionProperties) = preSolution
		HideSolutionNode = FALSE
	EndGlobalSection
	GlobalSection(ExtensibilityGlobals) = postSolution
		SolutionGuid = {A2F295BF-40D9-4E75-8792-D8A0FCA6EB36}
	EndGlobalSection
EndGlobal
