
Microsoft Visual Studio Solution File, Format Version 12.00
# Visual Studio 2012
Project("{FAE04EC0-301F-11D3-BF4B-00C04F79EFBC}") = "Lab1", "Lab1\Lab1.csproj", "{56854342-D12F-47AB-8325-017ED4A1E102}"
EndProject
Project("{FAE04EC0-301F-11D3-BF4B-00C04F79EFBC}") = "KMeans", "KMeans\KMeans.csproj", "{F6220EAB-4220-4B05-8B86-2E715CB8FFB2}"
EndProject
Global
	GlobalSection(SolutionConfigurationPlatforms) = preSolution
		Debug|Any CPU = Debug|Any CPU
		Release|Any CPU = Release|Any CPU
	EndGlobalSection
	GlobalSection(ProjectConfigurationPlatforms) = postSolution
		{56854342-D12F-47AB-8325-017ED4A1E102}.Debug|Any CPU.ActiveCfg = Debug|Any CPU
		{56854342-D12F-47AB-8325-017ED4A1E102}.Debug|Any CPU.Build.0 = Debug|Any CPU
		{56854342-D12F-47AB-8325-017ED4A1E102}.Release|Any CPU.ActiveCfg = Release|Any CPU
		{56854342-D12F-47AB-8325-017ED4A1E102}.Release|Any CPU.Build.0 = Release|Any CPU
		{F6220EAB-4220-4B05-8B86-2E715CB8FFB2}.Debug|Any CPU.ActiveCfg = Debug|Any CPU
		{F6220EAB-4220-4B05-8B86-2E715CB8FFB2}.Debug|Any CPU.Build.0 = Debug|Any CPU
		{F6220EAB-4220-4B05-8B86-2E715CB8FFB2}.Release|Any CPU.ActiveCfg = Release|Any CPU
		{F6220EAB-4220-4B05-8B86-2E715CB8FFB2}.Release|Any CPU.Build.0 = Release|Any CPU
	EndGlobalSection
	GlobalSection(SolutionProperties) = preSolution
		HideSolutionNode = FALSE
	EndGlobalSection
EndGlobal
